<?xml version="1.0" encoding="utf-8"?>
<Project ToolsVersion="14.0" xmlns="http://schemas.microsoft.com/developer/msbuild/2003">
  <ItemGroup>
    <ClCompile Include="F:\SVNProjects\physfs-2.0.3\test\test_physfs.c">
      <Filter>Source Files</Filter>
    </ClCompile>
  </ItemGroup>
  <ItemGroup>
    <Filter Include="Source Files">
      <UniqueIdentifier>{543E6DAB-3759-36D8-A8BC-DCF0114F3284}</UniqueIdentifier>
    </Filter>
  </ItemGroup>
</Project>